
Microsoft Visual Studio Solution File, Format Version 12.00
# Visual Studio 2012
Project("{FAE04EC0-301F-11D3-BF4B-00C04F79EFBC}") = "First_iOS-app", "First_iOS-app\First_iOS-app.csproj", "{14B92A83-E991-4E09-A1C8-C22317F40A04}"
EndProject
Global
	GlobalSection(SolutionConfigurationPlatforms) = preSolution
		Debug|iPhoneSimulator = Debug|iPhoneSimulator
		Release|iPhone = Release|iPhone
		Release|iPhoneSimulator = Release|iPhoneSimulator
		Debug|iPhone = Debug|iPhone
	EndGlobalSection
	GlobalSection(ProjectConfigurationPlatforms) = postSolution
		{14B92A83-E991-4E09-A1C8-C22317F40A04}.Debug|iPhoneSimulator.ActiveCfg = Debug|iPhoneSimulator
		{14B92A83-E991-4E09-A1C8-C22317F40A04}.Debug|iPhoneSimulator.Build.0 = Debug|iPhoneSimulator
		{14B92A83-E991-4E09-A1C8-C22317F40A04}.Release|iPhone.ActiveCfg = Release|iPhone
		{14B92A83-E991-4E09-A1C8-C22317F40A04}.Release|iPhone.Build.0 = Release|iPhone
		{14B92A83-E991-4E09-A1C8-C22317F40A04}.Release|iPhoneSimulator.ActiveCfg = Release|iPhoneSimulator
		{14B92A83-E991-4E09-A1C8-C22317F40A04}.Release|iPhoneSimulator.Build.0 = Release|iPhoneSimulator
		{14B92A83-E991-4E09-A1C8-C22317F40A04}.Debug|iPhone.ActiveCfg = Debug|iPhone
		{14B92A83-E991-4E09-A1C8-C22317F40A04}.Debug|iPhone.Build.0 = Debug|iPhone
	EndGlobalSection
EndGlobal
